// !$*UTF8*$!
{
	archiveVersion = 1;
	classes = {
	};
	objectVersion = 77;
	objects = {

/* Begin PBXBuildFile section */
		9C697F402CF2A3BD0080E491 /* SpriteKit.framework in Frameworks */ = {isa = PBXBuildFile; fileRef = 9C697F3F2CF2A3BD0080E491 /* SpriteKit.framework */; };
/* End PBXBuildFile section */

/* Begin PBXContainerItemProxy section */
		0BB00ABD2CDDBA33008B34D3 /* PBXContainerItemProxy */ = {
			isa = PBXContainerItemProxy;
			containerPortal = 0BB00A9B2CDDBA32008B34D3 /* Project object */;
			proxyType = 1;
			remoteGlobalIDString = 0BB00AA22CDDBA32008B34D3;
			remoteInfo = "Coding Clicker";
		};
		0BB00AC72CDDBA34008B34D3 /* PBXContainerItemProxy */ = {
			isa = PBXContainerItemProxy;
			containerPortal = 0BB00A9B2CDDBA32008B34D3 /* Project object */;
			proxyType = 1;
			remoteGlobalIDString = 0BB00AA22CDDBA32008B34D3;
			remoteInfo = "Coding Clicker";
		};
/* End PBXContainerItemProxy section */

/* Begin PBXFileReference section */
		0B69678A2D026C5F007188C7 /* Coding Clicker.xcodeproj */ = {isa = PBXFileReference; lastKnownFileType = "wrapper.pb-project"; path = "Coding Clicker.xcodeproj"; sourceTree = SOURCE_ROOT; };
		0BB00AA32CDDBA32008B34D3 /* Coding Clicker.app */ = {isa = PBXFileReference; explicitFileType = wrapper.application; includeInIndex = 0; path = "Coding Clicker.app"; sourceTree = BUILT_PRODUCTS_DIR; };
		0BB00ABC2CDDBA33008B34D3 /* Coding ClickerTests.xctest */ = {isa = PBXFileReference; explicitFileType = wrapper.cfbundle; includeInIndex = 0; path = "Coding ClickerTests.xctest"; sourceTree = BUILT_PRODUCTS_DIR; };
		0BB00AC62CDDBA34008B34D3 /* Coding ClickerUITests.xctest */ = {isa = PBXFileReference; explicitFileType = wrapper.cfbundle; includeInIndex = 0; path = "Coding ClickerUITests.xctest"; sourceTree = BUILT_PRODUCTS_DIR; };
		9C697F3F2CF2A3BD0080E491 /* SpriteKit.framework */ = {isa = PBXFileReference; lastKnownFileType = wrapper.framework; name = SpriteKit.framework; path = System/Library/Frameworks/SpriteKit.framework; sourceTree = SDKROOT; };
/* End PBXFileReference section */

/* Begin PBXFileSystemSynchronizedBuildFileExceptionSet section */
		0BB00ACE2CDDBA34008B34D3 /* Exceptions for "Coding Clicker" folder in "Coding Clicker" target */ = {
			isa = PBXFileSystemSynchronizedBuildFileExceptionSet;
			membershipExceptions = (
				Info.plist,
			);
			target = 0BB00AA22CDDBA32008B34D3 /* Coding Clicker */;
		};
/* End PBXFileSystemSynchronizedBuildFileExceptionSet section */

/* Begin PBXFileSystemSynchronizedRootGroup section */
		0BB00AA52CDDBA32008B34D3 /* Coding Clicker */ = {
			isa = PBXFileSystemSynchronizedRootGroup;
			exceptions = (
				0BB00ACE2CDDBA34008B34D3 /* Exceptions for "Coding Clicker" folder in "Coding Clicker" target */,
			);
			path = "Coding Clicker";
			sourceTree = "<group>";
		};
		0BB00ABF2CDDBA33008B34D3 /* Coding ClickerTests */ = {
			isa = PBXFileSystemSynchronizedRootGroup;
			path = "Coding ClickerTests";
			sourceTree = "<group>";
		};
		0BB00AC92CDDBA34008B34D3 /* Coding ClickerUITests */ = {
			isa = PBXFileSystemSynchronizedRootGroup;
			path = "Coding ClickerUITests";
			sourceTree = "<group>";
		};
/* End PBXFileSystemSynchronizedRootGroup section */

/* Begin PBXFrameworksBuildPhase section */
		0BB00AA02CDDBA32008B34D3 /* Frameworks */ = {
			isa = PBXFrameworksBuildPhase;
			buildActionMask = 2147483647;
			files = (
				9C697F402CF2A3BD0080E491 /* SpriteKit.framework in Frameworks */,
			);
			runOnlyForDeploymentPostprocessing = 0;
		};
		0BB00AB92CDDBA33008B34D3 /* Frameworks */ = {
			isa = PBXFrameworksBuildPhase;
			buildActionMask = 2147483647;
			files = (
			);
			runOnlyForDeploymentPostprocessing = 0;
		};
		0BB00AC32CDDBA34008B34D3 /* Frameworks */ = {
			isa = PBXFrameworksBuildPhase;
			buildActionMask = 2147483647;
			files = (
			);
			runOnlyForDeploymentPostprocessing = 0;
		};
/* End PBXFrameworksBuildPhase section */

/* Begin PBXGroup section */
		0B6967A82D026E8B007188C7 /* Products */ = {
			isa = PBXGroup;
			name = Products;
			sourceTree = "<group>";
		};
		0BB00A9A2CDDBA32008B34D3 = {
			isa = PBXGroup;
			children = (
				0B69678A2D026C5F007188C7 /* Coding Clicker.xcodeproj */,
				0BB00AA52CDDBA32008B34D3 /* Coding Clicker */,
				0BB00ABF2CDDBA33008B34D3 /* Coding ClickerTests */,
				0BB00AC92CDDBA34008B34D3 /* Coding ClickerUITests */,
				9C697F3E2CF2A3BC0080E491 /* Frameworks */,
				0BB00AA42CDDBA32008B34D3 /* Products */,
			);
			sourceTree = "<group>";
		};
		0BB00AA42CDDBA32008B34D3 /* Products */ = {
			isa = PBXGroup;
			children = (
				0BB00AA32CDDBA32008B34D3 /* Coding Clicker.app */,
				0BB00ABC2CDDBA33008B34D3 /* Coding ClickerTests.xctest */,
				0BB00AC62CDDBA34008B34D3 /* Coding ClickerUITests.xctest */,
			);
			name = Products;
			sourceTree = "<group>";
		};
		9C697F3E2CF2A3BC0080E491 /* Frameworks */ = {
			isa = PBXGroup;
			children = (
				9C697F3F2CF2A3BD0080E491 /* SpriteKit.framework */,
			);
			name = Frameworks;
			sourceTree = "<group>";
		};
/* End PBXGroup section */

/* Begin PBXNativeTarget section */
		0BB00AA22CDDBA32008B34D3 /* Coding Clicker */ = {
			isa = PBXNativeTarget;
			buildConfigurationList = 0BB00ACF2CDDBA34008B34D3 /* Build configuration list for PBXNativeTarget "Coding Clicker" */;
			buildPhases = (
				0BB00A9F2CDDBA32008B34D3 /* Sources */,
				0BB00AA02CDDBA32008B34D3 /* Frameworks */,
				0BB00AA12CDDBA32008B34D3 /* Resources */,
			);
			buildRules = (
			);
			dependencies = (
			);
			fileSystemSynchronizedGroups = (
				0BB00AA52CDDBA32008B34D3 /* Coding Clicker */,
			);
			name = "Coding Clicker";
			packageProductDependencies = (
			);
			productName = "Coding Clicker";
			productReference = 0BB00AA32CDDBA32008B34D3 /* Coding Clicker.app */;
			productType = "com.apple.product-type.application";
		};
		0BB00ABB2CDDBA33008B34D3 /* Coding ClickerTests */ = {
			isa = PBXNativeTarget;
			buildConfigurationList = 0BB00AD42CDDBA34008B34D3 /* Build configuration list for PBXNativeTarget "Coding ClickerTests" */;
			buildPhases = (
				0BB00AB82CDDBA33008B34D3 /* Sources */,
				0BB00AB92CDDBA33008B34D3 /* Frameworks */,
				0BB00ABA2CDDBA33008B34D3 /* Resources */,
			);
			buildRules = (
			);
			dependencies = (
				0BB00ABE2CDDBA33008B34D3 /* PBXTargetDependency */,
			);
			fileSystemSynchronizedGroups = (
				0BB00ABF2CDDBA33008B34D3 /* Coding ClickerTests */,
			);
			name = "Coding ClickerTests";
			packageProductDependencies = (
			);
			productName = "Coding ClickerTests";
			productReference = 0BB00ABC2CDDBA33008B34D3 /* Coding ClickerTests.xctest */;
			productType = "com.apple.product-type.bundle.unit-test";
		};
		0BB00AC52CDDBA34008B34D3 /* Coding ClickerUITests */ = {
			isa = PBXNativeTarget;
			buildConfigurationList = 0BB00AD72CDDBA34008B34D3 /* Build configuration list for PBXNativeTarget "Coding ClickerUITests" */;
			buildPhases = (
				0BB00AC22CDDBA34008B34D3 /* Sources */,
				0BB00AC32CDDBA34008B34D3 /* Frameworks */,
				0BB00AC42CDDBA34008B34D3 /* Resources */,
			);
			buildRules = (
			);
			dependencies = (
				0BB00AC82CDDBA34008B34D3 /* PBXTargetDependency */,
			);
			fileSystemSynchronizedGroups = (
				0BB00AC92CDDBA34008B34D3 /* Coding ClickerUITests */,
			);
			name = "Coding ClickerUITests";
			packageProductDependencies = (
			);
			productName = "Coding ClickerUITests";
			productReference = 0BB00AC62CDDBA34008B34D3 /* Coding ClickerUITests.xctest */;
			productType = "com.apple.product-type.bundle.ui-testing";
		};
/* End PBXNativeTarget section */

/* Begin PBXProject section */
		0BB00A9B2CDDBA32008B34D3 /* Project object */ = {
			isa = PBXProject;
			attributes = {
				BuildIndependentTargetsInParallel = 1;
				LastSwiftUpdateCheck = 1600;
				LastUpgradeCheck = 1600;
				TargetAttributes = {
					0BB00AA22CDDBA32008B34D3 = {
						CreatedOnToolsVersion = 16.0;
					};
					0BB00ABB2CDDBA33008B34D3 = {
						CreatedOnToolsVersion = 16.0;
						TestTargetID = 0BB00AA22CDDBA32008B34D3;
					};
					0BB00AC52CDDBA34008B34D3 = {
						CreatedOnToolsVersion = 16.0;
						TestTargetID = 0BB00AA22CDDBA32008B34D3;
					};
				};
			};
			buildConfigurationList = 0BB00A9E2CDDBA32008B34D3 /* Build configuration list for PBXProject "Coding Clicker" */;
			developmentRegion = en;
			hasScannedForEncodings = 0;
			knownRegions = (
				en,
				Base,
			);
			mainGroup = 0BB00A9A2CDDBA32008B34D3;
			minimizedProjectReferenceProxies = 1;
			preferredProjectObjectVersion = 77;
			productRefGroup = 0BB00AA42CDDBA32008B34D3 /* Products */;
			projectDirPath = "";
			projectReferences = (
				{
					ProductGroup = 0B6967A82D026E8B007188C7 /* Products */;
					ProjectRef = 0B69678A2D026C5F007188C7 /* Coding Clicker.xcodeproj */;
				},
			);
			projectRoot = "";
			targets = (
				0BB00AA22CDDBA32008B34D3 /* Coding Clicker */,
				0BB00ABB2CDDBA33008B34D3 /* Coding ClickerTests */,
				0BB00AC52CDDBA34008B34D3 /* Coding ClickerUITests */,
			);
		};
/* End PBXProject section */

/* Begin PBXResourcesBuildPhase section */
		0BB00AA12CDDBA32008B34D3 /* Resources */ = {
			isa = PBXResourcesBuildPhase;
			buildActionMask = 2147483647;
			files = (
			);
			runOnlyForDeploymentPostprocessing = 0;
		};
		0BB00ABA2CDDBA33008B34D3 /* Resources */ = {
			isa = PBXResourcesBuildPhase;
			buildActionMask = 2147483647;
			files = (
			);
			runOnlyForDeploymentPostprocessing = 0;
		};
		0BB00AC42CDDBA34008B34D3 /* Resources */ = {
			isa = PBXResourcesBuildPhase;
			buildActionMask = 2147483647;
			files = (
			);
			runOnlyForDeploymentPostprocessing = 0;
		};
/* End PBXResourcesBuildPhase section */

/* Begin PBXSourcesBuildPhase section */
		0BB00A9F2CDDBA32008B34D3 /* Sources */ = {
			isa = PBXSourcesBuildPhase;
			buildActionMask = 2147483647;
			files = (
			);
			runOnlyForDeploymentPostprocessing = 0;
		};
		0BB00AB82CDDBA33008B34D3 /* Sources */ = {
			isa = PBXSourcesBuildPhase;
			buildActionMask = 2147483647;
			files = (
			);
			runOnlyForDeploymentPostprocessing = 0;
		};
		0BB00AC22CDDBA34008B34D3 /* Sources */ = {
			isa = PBXSourcesBuildPhase;
			buildActionMask = 2147483647;
			files = (
			);
			runOnlyForDeploymentPostprocessing = 0;
		};
/* End PBXSourcesBuildPhase section */

/* Begin PBXTargetDependency section */
		0BB00ABE2CDDBA33008B34D3 /* PBXTargetDependency */ = {
			isa = PBXTargetDependency;
			target = 0BB00AA22CDDBA32008B34D3 /* Coding Clicker */;
			targetProxy = 0BB00ABD2CDDBA33008B34D3 /* PBXContainerItemProxy */;
		};
		0BB00AC82CDDBA34008B34D3 /* PBXTargetDependency */ = {
			isa = PBXTargetDependency;
			target = 0BB00AA22CDDBA32008B34D3 /* Coding Clicker */;
			targetProxy = 0BB00AC72CDDBA34008B34D3 /* PBXContainerItemProxy */;
		};
/* End PBXTargetDependency section */

/* Begin XCBuildConfiguration section */
		0BB00AD02CDDBA34008B34D3 /* Debug */ = {
			isa = XCBuildConfiguration;
			buildSettings = {
				ASSETCATALOG_COMPILER_APPICON_NAME = AppIcon;
				ASSETCATALOG_COMPILER_GLOBAL_ACCENT_COLOR_NAME = AccentColor;
				CODE_SIGN_STYLE = Automatic;
				CURRENT_PROJECT_VERSION = 1;
				GENERATE_INFOPLIST_FILE = YES;
				INFOPLIST_FILE = "Coding Clicker/Info.plist";
				INFOPLIST_KEY_UIApplicationSupportsIndirectInputEvents = YES;
				INFOPLIST_KEY_UILaunchStoryboardName = LaunchScreen;
				INFOPLIST_KEY_UIMainStoryboardFile = Main;
				INFOPLIST_KEY_UISupportedInterfaceOrientations_iPad = "UIInterfaceOrientationPortrait UIInterfaceOrientationPortraitUpsideDown UIInterfaceOrientationLandscapeLeft UIInterfaceOrientationLandscapeRight";
				INFOPLIST_KEY_UISupportedInterfaceOrientations_iPhone = "UIInterfaceOrientationPortrait UIInterfaceOrientationLandscapeLeft UIInterfaceOrientationLandscapeRight";
				LD_RUNPATH_SEARCH_PATHS = (
					"$(inherited)",
					"@executable_path/Frameworks",
				);
				MARKETING_VERSION = 1.0;
				PRODUCT_BUNDLE_IDENTIFIER = "Program.Coding-Clicker";
				PRODUCT_NAME = "$(TARGET_NAME)";
				SWIFT_EMIT_LOC_STRINGS = YES;
				SWIFT_VERSION = 5.0;
				TARGETED_DEVICE_FAMILY = "1,2";
			};
			name = Debug;
		};
		0BB00AD12CDDBA34008B34D3 /* Release */ = {
			isa = XCBuildConfiguration;
			buildSettings = {
				ASSETCATALOG_COMPILER_APPICON_NAME = AppIcon;
				ASSETCATALOG_COMPILER_GLOBAL_ACCENT_COLOR_NAME = AccentColor;
				CODE_SIGN_STYLE = Automatic;
				CURRENT_PROJECT_VERSION = 1;
				GENERATE_INFOPLIST_FILE = YES;
				INFOPLIST_FILE = "Coding Clicker/Info.plist";
				INFOPLIST_KEY_UIApplicationSupportsIndirectInputEvents = YES;
				INFOPLIST_KEY_UILaunchStoryboardName = LaunchScreen;
				INFOPLIST_KEY_UIMainStoryboardFile = Main;
				INFOPLIST_KEY_UISupportedInterfaceOrientations_iPad = "UIInterfaceOrientationPortrait UIInterfaceOrientationPortraitUpsideDown UIInterfaceOrientationLandscapeLeft UIInterfaceOrientationLandscapeRight";
				INFOPLIST_KEY_UISupportedInterfaceOrientations_iPhone = "UIInterfaceOrientationPortrait UIInterfaceOrientationLandscapeLeft UIInterfaceOrientationLandscapeRight";
				LD_RUNPATH_SEARCH_PATHS = (
					"$(inherited)",
					"@executable_path/Frameworks",
				);
				MARKETING_VERSION = 1.0;
				PRODUCT_BUNDLE_IDENTIFIER = "Program.Coding-Clicker";
				PRODUCT_NAME = "$(TARGET_NAME)";
				SWIFT_EMIT_LOC_STRINGS = YES;
				SWIFT_VERSION = 5.0;
				TARGETED_DEVICE_FAMILY = "1,2";
			};
			name = Release;
		};
		0BB00AD22CDDBA34008B34D3 /* Debug */ = {
			isa = XCBuildConfiguration;
			buildSettings = {
				ALWAYS_SEARCH_USER_PATHS = NO;
				ASSETCATALOG_COMPILER_GENERATE_SWIFT_ASSET_SYMBOL_EXTENSIONS = YES;
				CLANG_ANALYZER_NONNULL = YES;
				CLANG_ANALYZER_NUMBER_OBJECT_CONVERSION = YES_AGGRESSIVE;
				CLANG_CXX_LANGUAGE_STANDARD = "gnu++20";
				CLANG_ENABLE_MODULES = YES;
				CLANG_ENABLE_OBJC_ARC = YES;
				CLANG_ENABLE_OBJC_WEAK = YES;
				CLANG_WARN_BLOCK_CAPTURE_AUTORELEASING = YES;
				CLANG_WARN_BOOL_CONVERSION = YES;
				CLANG_WARN_COMMA = YES;
				CLANG_WARN_CONSTANT_CONVERSION = YES;
				CLANG_WARN_DEPRECATED_OBJC_IMPLEMENTATIONS = YES;
				CLANG_WARN_DIRECT_OBJC_ISA_USAGE = YES_ERROR;
				CLANG_WARN_DOCUMENTATION_COMMENTS = YES;
				CLANG_WARN_EMPTY_BODY = YES;
				CLANG_WARN_ENUM_CONVERSION = YES;
				CLANG_WARN_INFINITE_RECURSION = YES;
				CLANG_WARN_INT_CONVERSION = YES;
				CLANG_WARN_NON_LITERAL_NULL_CONVERSION = YES;
				CLANG_WARN_OBJC_IMPLICIT_RETAIN_SELF = YES;
				CLANG_WARN_OBJC_LITERAL_CONVERSION = YES;
				CLANG_WARN_OBJC_ROOT_CLASS = YES_ERROR;
				CLANG_WARN_QUOTED_INCLUDE_IN_FRAMEWORK_HEADER = YES;
				CLANG_WARN_RANGE_LOOP_ANALYSIS = YES;
				CLANG_WARN_STRICT_PROTOTYPES = YES;
				CLANG_WARN_SUSPICIOUS_MOVE = YES;
				CLANG_WARN_UNGUARDED_AVAILABILITY = YES_AGGRESSIVE;
				CLANG_WARN_UNREACHABLE_CODE = YES;
				CLANG_WARN__DUPLICATE_METHOD_MATCH = YES;
				COPY_PHASE_STRIP = NO;
				DEBUG_INFORMATION_FORMAT = dwarf;
				ENABLE_STRICT_OBJC_MSGSEND = YES;
				ENABLE_TESTABILITY = YES;
				ENABLE_USER_SCRIPT_SANDBOXING = YES;
				GCC_C_LANGUAGE_STANDARD = gnu17;
				GCC_DYNAMIC_NO_PIC = NO;
				GCC_NO_COMMON_BLOCKS = YES;
				GCC_OPTIMIZATION_LEVEL = 0;
				GCC_PREPROCESSOR_DEFINITIONS = (
					"DEBUG=1",
					"$(inherited)",
				);
				GCC_WARN_64_TO_32_BIT_CONVERSION = YES;
				GCC_WARN_ABOUT_RETURN_TYPE = YES_ERROR;
				GCC_WARN_UNDECLARED_SELECTOR = YES;
				GCC_WARN_UNINITIALIZED_AUTOS = YES_AGGRESSIVE;
				GCC_WARN_UNUSED_FUNCTION = YES;
				GCC_WARN_UNUSED_VARIABLE = YES;
				IPHONEOS_DEPLOYMENT_TARGET = 18.0;
				LOCALIZATION_PREFERS_STRING_CATALOGS = YES;
				MTL_ENABLE_DEBUG_INFO = INCLUDE_SOURCE;
				MTL_FAST_MATH = YES;
				ONLY_ACTIVE_ARCH = YES;
				SDKROOT = iphoneos;
				SWIFT_ACTIVE_COMPILATION_CONDITIONS = "DEBUG $(inherited)";
				SWIFT_OPTIMIZATION_LEVEL = "-Onone";
			};
			name = Debug;
		};
		0BB00AD32CDDBA34008B34D3 /* Release */ = {
			isa = XCBuildConfiguration;
			buildSettings = {
				ALWAYS_SEARCH_USER_PATHS = NO;
				ASSETCATALOG_COMPILER_GENERATE_SWIFT_ASSET_SYMBOL_EXTENSIONS = YES;
				CLANG_ANALYZER_NONNULL = YES;
				CLANG_ANALYZER_NUMBER_OBJECT_CONVERSION = YES_AGGRESSIVE;
				CLANG_CXX_LANGUAGE_STANDARD = "gnu++20";
				CLANG_ENABLE_MODULES = YES;
				CLANG_ENABLE_OBJC_ARC = YES;
				CLANG_ENABLE_OBJC_WEAK = YES;
				CLANG_WARN_BLOCK_CAPTURE_AUTORELEASING = YES;
				CLANG_WARN_BOOL_CONVERSION = YES;
				CLANG_WARN_COMMA = YES;
				CLANG_WARN_CONSTANT_CONVERSION = YES;
				CLANG_WARN_DEPRECATED_OBJC_IMPLEMENTATIONS = YES;
				CLANG_WARN_DIRECT_OBJC_ISA_USAGE = YES_ERROR;
				CLANG_WARN_DOCUMENTATION_COMMENTS = YES;
				CLANG_WARN_EMPTY_BODY = YES;
				CLANG_WARN_ENUM_CONVERSION = YES;
				CLANG_WARN_INFINITE_RECURSION = YES;
				CLANG_WARN_INT_CONVERSION = YES;
				CLANG_WARN_NON_LITERAL_NULL_CONVERSION = YES;
				CLANG_WARN_OBJC_IMPLICIT_RETAIN_SELF = YES;
				CLANG_WARN_OBJC_LITERAL_CONVERSION = YES;
				CLANG_WARN_OBJC_ROOT_CLASS = YES_ERROR;
				CLANG_WARN_QUOTED_INCLUDE_IN_FRAMEWORK_HEADER = YES;
				CLANG_WARN_RANGE_LOOP_ANALYSIS = YES;
				CLANG_WARN_STRICT_PROTOTYPES = YES;
				CLANG_WARN_SUSPICIOUS_MOVE = YES;
				CLANG_WARN_UNGUARDED_AVAILABILITY = YES_AGGRESSIVE;
				CLANG_WARN_UNREACHABLE_CODE = YES;
				CLANG_WARN__DUPLICATE_METHOD_MATCH = YES;
				COPY_PHASE_STRIP = NO;
				DEBUG_INFORMATION_FORMAT = "dwarf-with-dsym";
				ENABLE_NS_ASSERTIONS = NO;
				ENABLE_STRICT_OBJC_MSGSEND = YES;
				ENABLE_USER_SCRIPT_SANDBOXING = YES;
				GCC_C_LANGUAGE_STANDARD = gnu17;
				GCC_NO_COMMON_BLOCKS = YES;
				GCC_WARN_64_TO_32_BIT_CONVERSION = YES;
				GCC_WARN_ABOUT_RETURN_TYPE = YES_ERROR;
				GCC_WARN_UNDECLARED_SELECTOR = YES;
				GCC_WARN_UNINITIALIZED_AUTOS = YES_AGGRESSIVE;
				GCC_WARN_UNUSED_FUNCTION = YES;
				GCC_WARN_UNUSED_VARIABLE = YES;
				IPHONEOS_DEPLOYMENT_TARGET = 18.0;
				LOCALIZATION_PREFERS_STRING_CATALOGS = YES;
				MTL_ENABLE_DEBUG_INFO = NO;
				MTL_FAST_MATH = YES;
				SDKROOT = iphoneos;
				SWIFT_COMPILATION_MODE = wholemodule;
				VALIDATE_PRODUCT = YES;
			};
			name = Release;
		};
		0BB00AD52CDDBA34008B34D3 /* Debug */ = {
			isa = XCBuildConfiguration;
			buildSettings = {
				BUNDLE_LOADER = "$(TEST_HOST)";
				CODE_SIGN_STYLE = Automatic;
				CURRENT_PROJECT_VERSION = 1;
				GENERATE_INFOPLIST_FILE = YES;
				IPHONEOS_DEPLOYMENT_TARGET = 18.0;
				MARKETING_VERSION = 1.0;
				PRODUCT_BUNDLE_IDENTIFIER = "Program.Coding-ClickerTests";
				PRODUCT_NAME = "$(TARGET_NAME)";
				SWIFT_EMIT_LOC_STRINGS = NO;
				SWIFT_VERSION = 5.0;
				TARGETED_DEVICE_FAMILY = "1,2";
				TEST_HOST = "$(BUILT_PRODUCTS_DIR)/Coding Clicker.app/$(BUNDLE_EXECUTABLE_FOLDER_PATH)/Coding Clicker";
			};
			name = Debug;
		};
		0BB00AD62CDDBA34008B34D3 /* Release */ = {
			isa = XCBuildConfiguration;
			buildSettings = {
				BUNDLE_LOADER = "$(TEST_HOST)";
				CODE_SIGN_STYLE = Automatic;
				CURRENT_PROJECT_VERSION = 1;
				GENERATE_INFOPLIST_FILE = YES;
				IPHONEOS_DEPLOYMENT_TARGET = 18.0;
				MARKETING_VERSION = 1.0;
				PRODUCT_BUNDLE_IDENTIFIER = "Program.Coding-ClickerTests";
				PRODUCT_NAME = "$(TARGET_NAME)";
				SWIFT_EMIT_LOC_STRINGS = NO;
				SWIFT_VERSION = 5.0;
				TARGETED_DEVICE_FAMILY = "1,2";
				TEST_HOST = "$(BUILT_PRODUCTS_DIR)/Coding Clicker.app/$(BUNDLE_EXECUTABLE_FOLDER_PATH)/Coding Clicker";
			};
			name = Release;
		};
		0BB00AD82CDDBA34008B34D3 /* Debug */ = {
			isa = XCBuildConfiguration;
			buildSettings = {
				CODE_SIGN_STYLE = Automatic;
				CURRENT_PROJECT_VERSION = 1;
				GENERATE_INFOPLIST_FILE = YES;
				MARKETING_VERSION = 1.0;
				PRODUCT_BUNDLE_IDENTIFIER = "Program.Coding-ClickerUITests";
				PRODUCT_NAME = "$(TARGET_NAME)";
				SWIFT_EMIT_LOC_STRINGS = NO;
				SWIFT_VERSION = 5.0;
				TARGETED_DEVICE_FAMILY = "1,2";
				TEST_TARGET_NAME = "Coding Clicker";
			};
			name = Debug;
		};
		0BB00AD92CDDBA34008B34D3 /* Release */ = {
			isa = XCBuildConfiguration;
			buildSettings = {
				CODE_SIGN_STYLE = Automatic;
				CURRENT_PROJECT_VERSION = 1;
				GENERATE_INFOPLIST_FILE = YES;
				MARKETING_VERSION = 1.0;
				PRODUCT_BUNDLE_IDENTIFIER = "Program.Coding-ClickerUITests";
				PRODUCT_NAME = "$(TARGET_NAME)";
				SWIFT_EMIT_LOC_STRINGS = NO;
				SWIFT_VERSION = 5.0;
				TARGETED_DEVICE_FAMILY = "1,2";
				TEST_TARGET_NAME = "Coding Clicker";
			};
			name = Release;
		};
/* End XCBuildConfiguration section */

/* Begin XCConfigurationList section */
		0BB00A9E2CDDBA32008B34D3 /* Build configuration list for PBXProject "Coding Clicker" */ = {
			isa = XCConfigurationList;
			buildConfigurations = (
				0BB00AD22CDDBA34008B34D3 /* Debug */,
				0BB00AD32CDDBA34008B34D3 /* Release */,
			);
			defaultConfigurationIsVisible = 0;
			defaultConfigurationName = Release;
		};
		0BB00ACF2CDDBA34008B34D3 /* Build configuration list for PBXNativeTarget "Coding Clicker" */ = {
			isa = XCConfigurationList;
			buildConfigurations = (
				0BB00AD02CDDBA34008B34D3 /* Debug */,
				0BB00AD12CDDBA34008B34D3 /* Release */,
			);
			defaultConfigurationIsVisible = 0;
			defaultConfigurationName = Release;
		};
		0BB00AD42CDDBA34008B34D3 /* Build configuration list for PBXNativeTarget "Coding ClickerTests" */ = {
			isa = XCConfigurationList;
			buildConfigurations = (
				0BB00AD52CDDBA34008B34D3 /* Debug */,
				0BB00AD62CDDBA34008B34D3 /* Release */,
			);
			defaultConfigurationIsVisible = 0;
			defaultConfigurationName = Release;
		};
		0BB00AD72CDDBA34008B34D3 /* Build configuration list for PBXNativeTarget "Coding ClickerUITests" */ = {
			isa = XCConfigurationList;
			buildConfigurations = (
				0BB00AD82CDDBA34008B34D3 /* Debug */,
				0BB00AD92CDDBA34008B34D3 /* Release */,
			);
			defaultConfigurationIsVisible = 0;
			defaultConfigurationName = Release;
		};
/* End XCConfigurationList section */
	};
	rootObject = 0BB00A9B2CDDBA32008B34D3 /* Project object */;
}
